// !$*UTF8*$!
{
	archiveVersion = 1;
	classes = {
	};
	objectVersion = 50;
	objects = {

/* Begin PBXBuildFile section */
		653B58E23705072A288295E5 /* Pods_KakaoAppTests.framework in Frameworks */ = {isa = PBXBuildFile; fileRef = 4C3EEA19FB971F8DB5F5918E /* Pods_KakaoAppTests.framework */; };
		66EF9D780BAB9C04BF75C9C5 /* Pods_KakaoApp.framework in Frameworks */ = {isa = PBXBuildFile; fileRef = 1A28650C8678DB12647AE72C /* Pods_KakaoApp.framework */; };
		9922390E2289716400A2B76A /* AppDelegate.swift in Sources */ = {isa = PBXBuildFile; fileRef = 9922390D2289716400A2B76A /* AppDelegate.swift */; };
		992239102289716400A2B76A /* GalleryViewController.swift in Sources */ = {isa = PBXBuildFile; fileRef = 9922390F2289716400A2B76A /* GalleryViewController.swift */; };
		992239132289716400A2B76A /* Main.storyboard in Resources */ = {isa = PBXBuildFile; fileRef = 992239112289716400A2B76A /* Main.storyboard */; };
		992239152289716800A2B76A /* Assets.xcassets in Resources */ = {isa = PBXBuildFile; fileRef = 992239142289716800A2B76A /* Assets.xcassets */; };
		992239182289716800A2B76A /* LaunchScreen.storyboard in Resources */ = {isa = PBXBuildFile; fileRef = 992239162289716800A2B76A /* LaunchScreen.storyboard */; };
		99223931228D339B00A2B76A /* GalleyImageCell.swift in Sources */ = {isa = PBXBuildFile; fileRef = 99223930228D339B00A2B76A /* GalleyImageCell.swift */; };
		99223933228D403100A2B76A /* CompositionRoot.swift in Sources */ = {isa = PBXBuildFile; fileRef = 99223932228D403100A2B76A /* CompositionRoot.swift */; };
		99223936228D408000A2B76A /* GalleryViewReactor.swift in Sources */ = {isa = PBXBuildFile; fileRef = 99223935228D408000A2B76A /* GalleryViewReactor.swift */; };
		99223939228D449E00A2B76A /* GalleyImageService.swift in Sources */ = {isa = PBXBuildFile; fileRef = 99223938228D449E00A2B76A /* GalleyImageService.swift */; };
		9922393B228D454A00A2B76A /* GettyImageService.swift in Sources */ = {isa = PBXBuildFile; fileRef = 9922393A228D454A00A2B76A /* GettyImageService.swift */; };
		99223957228D603F00A2B76A /* GettyImageServiceTests.swift in Sources */ = {isa = PBXBuildFile; fileRef = 99223956228D603F00A2B76A /* GettyImageServiceTests.swift */; };
		9922395F228D72ED00A2B76A /* ImageCache.swift in Sources */ = {isa = PBXBuildFile; fileRef = 9922395E228D72ED00A2B76A /* ImageCache.swift */; };
		99223962228D78C000A2B76A /* ImageDownloadService.swift in Sources */ = {isa = PBXBuildFile; fileRef = 99223961228D78C000A2B76A /* ImageDownloadService.swift */; };
		99223964228D798900A2B76A /* DownSamplingService.swift in Sources */ = {isa = PBXBuildFile; fileRef = 99223963228D798900A2B76A /* DownSamplingService.swift */; };
/* End PBXBuildFile section */

/* Begin PBXContainerItemProxy section */
		99223959228D603F00A2B76A /* PBXContainerItemProxy */ = {
			isa = PBXContainerItemProxy;
			containerPortal = 992239022289716400A2B76A /* Project object */;
			proxyType = 1;
			remoteGlobalIDString = 992239092289716400A2B76A;
			remoteInfo = KakaoApp;
		};
/* End PBXContainerItemProxy section */

/* Begin PBXFileReference section */
		0B9F446602EECD06FDA89B74 /* Pods-KakaoAppTests.release.xcconfig */ = {isa = PBXFileReference; includeInIndex = 1; lastKnownFileType = text.xcconfig; name = "Pods-KakaoAppTests.release.xcconfig"; path = "Target Support Files/Pods-KakaoAppTests/Pods-KakaoAppTests.release.xcconfig"; sourceTree = "<group>"; };
		1575F050B5EB5A8089D45462 /* Pods-KakaoApp.debug.xcconfig */ = {isa = PBXFileReference; includeInIndex = 1; lastKnownFileType = text.xcconfig; name = "Pods-KakaoApp.debug.xcconfig"; path = "Target Support Files/Pods-KakaoApp/Pods-KakaoApp.debug.xcconfig"; sourceTree = "<group>"; };
		1A28650C8678DB12647AE72C /* Pods_KakaoApp.framework */ = {isa = PBXFileReference; explicitFileType = wrapper.framework; includeInIndex = 0; path = Pods_KakaoApp.framework; sourceTree = BUILT_PRODUCTS_DIR; };
		4C3EEA19FB971F8DB5F5918E /* Pods_KakaoAppTests.framework */ = {isa = PBXFileReference; explicitFileType = wrapper.framework; includeInIndex = 0; path = Pods_KakaoAppTests.framework; sourceTree = BUILT_PRODUCTS_DIR; };
		51F4F1E892F04B3778A186DB /* Pods-KakaoAppTests.debug.xcconfig */ = {isa = PBXFileReference; includeInIndex = 1; lastKnownFileType = text.xcconfig; name = "Pods-KakaoAppTests.debug.xcconfig"; path = "Target Support Files/Pods-KakaoAppTests/Pods-KakaoAppTests.debug.xcconfig"; sourceTree = "<group>"; };
		7DDD1F61742FA0413309A44C /* Pods-KakaoApp.release.xcconfig */ = {isa = PBXFileReference; includeInIndex = 1; lastKnownFileType = text.xcconfig; name = "Pods-KakaoApp.release.xcconfig"; path = "Target Support Files/Pods-KakaoApp/Pods-KakaoApp.release.xcconfig"; sourceTree = "<group>"; };
		9922390A2289716400A2B76A /* KakaoApp.app */ = {isa = PBXFileReference; explicitFileType = wrapper.application; includeInIndex = 0; path = KakaoApp.app; sourceTree = BUILT_PRODUCTS_DIR; };
		9922390D2289716400A2B76A /* AppDelegate.swift */ = {isa = PBXFileReference; lastKnownFileType = sourcecode.swift; path = AppDelegate.swift; sourceTree = "<group>"; };
		9922390F2289716400A2B76A /* GalleryViewController.swift */ = {isa = PBXFileReference; lastKnownFileType = sourcecode.swift; path = GalleryViewController.swift; sourceTree = "<group>"; };
		992239122289716400A2B76A /* Base */ = {isa = PBXFileReference; lastKnownFileType = file.storyboard; name = Base; path = Base.lproj/Main.storyboard; sourceTree = "<group>"; };
		992239142289716800A2B76A /* Assets.xcassets */ = {isa = PBXFileReference; lastKnownFileType = folder.assetcatalog; path = Assets.xcassets; sourceTree = "<group>"; };
		992239172289716800A2B76A /* Base */ = {isa = PBXFileReference; lastKnownFileType = file.storyboard; name = Base; path = Base.lproj/LaunchScreen.storyboard; sourceTree = "<group>"; };
		992239192289716800A2B76A /* Info.plist */ = {isa = PBXFileReference; lastKnownFileType = text.plist.xml; path = Info.plist; sourceTree = "<group>"; };
		99223930228D339B00A2B76A /* GalleyImageCell.swift */ = {isa = PBXFileReference; lastKnownFileType = sourcecode.swift; path = GalleyImageCell.swift; sourceTree = "<group>"; };
		99223932228D403100A2B76A /* CompositionRoot.swift */ = {isa = PBXFileReference; lastKnownFileType = sourcecode.swift; path = CompositionRoot.swift; sourceTree = "<group>"; };
		99223935228D408000A2B76A /* GalleryViewReactor.swift */ = {isa = PBXFileReference; lastKnownFileType = sourcecode.swift; path = GalleryViewReactor.swift; sourceTree = "<group>"; };
		99223938228D449E00A2B76A /* GalleyImageService.swift */ = {isa = PBXFileReference; lastKnownFileType = sourcecode.swift; path = GalleyImageService.swift; sourceTree = "<group>"; };
		9922393A228D454A00A2B76A /* GettyImageService.swift */ = {isa = PBXFileReference; lastKnownFileType = sourcecode.swift; path = GettyImageService.swift; sourceTree = "<group>"; };
		9922394E228D5F9000A2B76A /* XCTest.framework */ = {isa = PBXFileReference; lastKnownFileType = wrapper.framework; name = XCTest.framework; path = Platforms/iPhoneOS.platform/Developer/Library/Frameworks/XCTest.framework; sourceTree = DEVELOPER_DIR; };
		99223954228D603F00A2B76A /* KakaoAppTests.xctest */ = {isa = PBXFileReference; explicitFileType = wrapper.cfbundle; includeInIndex = 0; path = KakaoAppTests.xctest; sourceTree = BUILT_PRODUCTS_DIR; };
		99223956228D603F00A2B76A /* GettyImageServiceTests.swift */ = {isa = PBXFileReference; lastKnownFileType = sourcecode.swift; path = GettyImageServiceTests.swift; sourceTree = "<group>"; };
		99223958228D603F00A2B76A /* Info.plist */ = {isa = PBXFileReference; lastKnownFileType = text.plist.xml; path = Info.plist; sourceTree = "<group>"; };
		9922395E228D72ED00A2B76A /* ImageCache.swift */ = {isa = PBXFileReference; lastKnownFileType = sourcecode.swift; path = ImageCache.swift; sourceTree = "<group>"; };
		99223961228D78C000A2B76A /* ImageDownloadService.swift */ = {isa = PBXFileReference; lastKnownFileType = sourcecode.swift; path = ImageDownloadService.swift; sourceTree = "<group>"; };
		99223963228D798900A2B76A /* DownSamplingService.swift */ = {isa = PBXFileReference; lastKnownFileType = sourcecode.swift; path = DownSamplingService.swift; sourceTree = "<group>"; };
/* End PBXFileReference section */

/* Begin PBXFrameworksBuildPhase section */
		992239072289716400A2B76A /* Frameworks */ = {
			isa = PBXFrameworksBuildPhase;
			buildActionMask = 2147483647;
			files = (
				66EF9D780BAB9C04BF75C9C5 /* Pods_KakaoApp.framework in Frameworks */,
			);
			runOnlyForDeploymentPostprocessing = 0;
		};
		99223951228D603F00A2B76A /* Frameworks */ = {
			isa = PBXFrameworksBuildPhase;
			buildActionMask = 2147483647;
			files = (
				653B58E23705072A288295E5 /* Pods_KakaoAppTests.framework in Frameworks */,
			);
			runOnlyForDeploymentPostprocessing = 0;
		};
/* End PBXFrameworksBuildPhase section */

/* Begin PBXGroup section */
		18297CF282944F96D818E01D /* Frameworks */ = {
			isa = PBXGroup;
			children = (
				9922394E228D5F9000A2B76A /* XCTest.framework */,
				1A28650C8678DB12647AE72C /* Pods_KakaoApp.framework */,
				4C3EEA19FB971F8DB5F5918E /* Pods_KakaoAppTests.framework */,
			);
			name = Frameworks;
			sourceTree = "<group>";
		};
		45E25C8EC16A87885763292F /* Pods */ = {
			isa = PBXGroup;
			children = (
				1575F050B5EB5A8089D45462 /* Pods-KakaoApp.debug.xcconfig */,
				7DDD1F61742FA0413309A44C /* Pods-KakaoApp.release.xcconfig */,
				51F4F1E892F04B3778A186DB /* Pods-KakaoAppTests.debug.xcconfig */,
				0B9F446602EECD06FDA89B74 /* Pods-KakaoAppTests.release.xcconfig */,
			);
			path = Pods;
			sourceTree = "<group>";
		};
		992239012289716400A2B76A = {
			isa = PBXGroup;
			children = (
				9922390C2289716400A2B76A /* KakaoApp */,
				99223955228D603F00A2B76A /* KakaoAppTests */,
				9922390B2289716400A2B76A /* Products */,
				45E25C8EC16A87885763292F /* Pods */,
				18297CF282944F96D818E01D /* Frameworks */,
			);
			sourceTree = "<group>";
		};
		9922390B2289716400A2B76A /* Products */ = {
			isa = PBXGroup;
			children = (
				9922390A2289716400A2B76A /* KakaoApp.app */,
				99223954228D603F00A2B76A /* KakaoAppTests.xctest */,
			);
			name = Products;
			sourceTree = "<group>";
		};
		9922390C2289716400A2B76A /* KakaoApp */ = {
			isa = PBXGroup;
			children = (
				9922392F22897EBE00A2B76A /* SupportingFiles */,
				9922392E22897E9E00A2B76A /* View */,
				99223934228D406300A2B76A /* Domain */,
				99223937228D43FC00A2B76A /* DataSources */,
				992239142289716800A2B76A /* Assets.xcassets */,
			);
			path = KakaoApp;
			sourceTree = "<group>";
		};
		9922392E22897E9E00A2B76A /* View */ = {
			isa = PBXGroup;
			children = (
				9922390F2289716400A2B76A /* GalleryViewController.swift */,
				99223930228D339B00A2B76A /* GalleyImageCell.swift */,
			);
			path = View;
			sourceTree = "<group>";
		};
		9922392F22897EBE00A2B76A /* SupportingFiles */ = {
			isa = PBXGroup;
			children = (
				992239112289716400A2B76A /* Main.storyboard */,
				992239162289716800A2B76A /* LaunchScreen.storyboard */,
				992239192289716800A2B76A /* Info.plist */,
				9922390D2289716400A2B76A /* AppDelegate.swift */,
				99223932228D403100A2B76A /* CompositionRoot.swift */,
			);
			path = SupportingFiles;
			sourceTree = "<group>";
		};
		99223934228D406300A2B76A /* Domain */ = {
			isa = PBXGroup;
			children = (
				99223960228D73EB00A2B76A /* Cache */,
				99223935228D408000A2B76A /* GalleryViewReactor.swift */,
				99223938228D449E00A2B76A /* GalleyImageService.swift */,
				99223961228D78C000A2B76A /* ImageDownloadService.swift */,
			);
			path = Domain;
			sourceTree = "<group>";
		};
		99223937228D43FC00A2B76A /* DataSources */ = {
			isa = PBXGroup;
			children = (
				9922393A228D454A00A2B76A /* GettyImageService.swift */,
				99223963228D798900A2B76A /* DownSamplingService.swift */,
			);
			path = DataSources;
			sourceTree = "<group>";
		};
		99223955228D603F00A2B76A /* KakaoAppTests */ = {
			isa = PBXGroup;
			children = (
				99223956228D603F00A2B76A /* GettyImageServiceTests.swift */,
				99223958228D603F00A2B76A /* Info.plist */,
			);
			path = KakaoAppTests;
			sourceTree = "<group>";
		};
		99223960228D73EB00A2B76A /* Cache */ = {
			isa = PBXGroup;
			children = (
				9922395E228D72ED00A2B76A /* ImageCache.swift */,
			);
			path = Cache;
			sourceTree = "<group>";
		};
/* End PBXGroup section */

/* Begin PBXNativeTarget section */
		992239092289716400A2B76A /* KakaoApp */ = {
			isa = PBXNativeTarget;
			buildConfigurationList = 992239272289716800A2B76A /* Build configuration list for PBXNativeTarget "KakaoApp" */;
			buildPhases = (
				8ED8E1F98D7EF836248D402C /* [CP] Check Pods Manifest.lock */,
				992239062289716400A2B76A /* Sources */,
				992239072289716400A2B76A /* Frameworks */,
				992239082289716400A2B76A /* Resources */,
				A93FE26C889AC6116D7BEC34 /* [CP] Embed Pods Frameworks */,
				9922392D2289777300A2B76A /* ShellScript */,
			);
			buildRules = (
			);
			dependencies = (
			);
			name = KakaoApp;
			productName = KakaoApp;
			productReference = 9922390A2289716400A2B76A /* KakaoApp.app */;
			productType = "com.apple.product-type.application";
		};
		99223953228D603F00A2B76A /* KakaoAppTests */ = {
			isa = PBXNativeTarget;
			buildConfigurationList = 9922395B228D603F00A2B76A /* Build configuration list for PBXNativeTarget "KakaoAppTests" */;
			buildPhases = (
				1F288F1A6F9B553837C3AFAC /* [CP] Check Pods Manifest.lock */,
				99223950228D603F00A2B76A /* Sources */,
				99223951228D603F00A2B76A /* Frameworks */,
				99223952228D603F00A2B76A /* Resources */,
			);
			buildRules = (
			);
			dependencies = (
				9922395A228D603F00A2B76A /* PBXTargetDependency */,
			);
			name = KakaoAppTests;
			productName = KakaoAppTests;
			productReference = 99223954228D603F00A2B76A /* KakaoAppTests.xctest */;
			productType = "com.apple.product-type.bundle.unit-test";
		};
/* End PBXNativeTarget section */

/* Begin PBXProject section */
		992239022289716400A2B76A /* Project object */ = {
			isa = PBXProject;
			attributes = {
				LastSwiftUpdateCheck = 1010;
				LastUpgradeCheck = 1010;
				ORGANIZATIONNAME = gonini;
				TargetAttributes = {
					992239092289716400A2B76A = {
						CreatedOnToolsVersion = 10.1;
					};
					99223953228D603F00A2B76A = {
						CreatedOnToolsVersion = 10.1;
						TestTargetID = 992239092289716400A2B76A;
					};
				};
			};
			buildConfigurationList = 992239052289716400A2B76A /* Build configuration list for PBXProject "KakaoApp" */;
			compatibilityVersion = "Xcode 9.3";
			developmentRegion = en;
			hasScannedForEncodings = 0;
			knownRegions = (
				en,
				Base,
			);
			mainGroup = 992239012289716400A2B76A;
			productRefGroup = 9922390B2289716400A2B76A /* Products */;
			projectDirPath = "";
			projectRoot = "";
			targets = (
				992239092289716400A2B76A /* KakaoApp */,
				99223953228D603F00A2B76A /* KakaoAppTests */,
			);
		};
/* End PBXProject section */

/* Begin PBXResourcesBuildPhase section */
		992239082289716400A2B76A /* Resources */ = {
			isa = PBXResourcesBuildPhase;
			buildActionMask = 2147483647;
			files = (
				992239182289716800A2B76A /* LaunchScreen.storyboard in Resources */,
				992239152289716800A2B76A /* Assets.xcassets in Resources */,
				992239132289716400A2B76A /* Main.storyboard in Resources */,
			);
			runOnlyForDeploymentPostprocessing = 0;
		};
		99223952228D603F00A2B76A /* Resources */ = {
			isa = PBXResourcesBuildPhase;
			buildActionMask = 2147483647;
			files = (
			);
			runOnlyForDeploymentPostprocessing = 0;
		};
/* End PBXResourcesBuildPhase section */

/* Begin PBXShellScriptBuildPhase section */
		1F288F1A6F9B553837C3AFAC /* [CP] Check Pods Manifest.lock */ = {
			isa = PBXShellScriptBuildPhase;
			buildActionMask = 2147483647;
			files = (
			);
			inputFileListPaths = (
			);
			inputPaths = (
				"${PODS_PODFILE_DIR_PATH}/Podfile.lock",
				"${PODS_ROOT}/Manifest.lock",
			);
			name = "[CP] Check Pods Manifest.lock";
			outputFileListPaths = (
			);
			outputPaths = (
				"$(DERIVED_FILE_DIR)/Pods-KakaoAppTests-checkManifestLockResult.txt",
			);
			runOnlyForDeploymentPostprocessing = 0;
			shellPath = /bin/sh;
			shellScript = "diff \"${PODS_PODFILE_DIR_PATH}/Podfile.lock\" \"${PODS_ROOT}/Manifest.lock\" > /dev/null\nif [ $? != 0 ] ; then\n    # print error to STDERR\n    echo \"error: The sandbox is not in sync with the Podfile.lock. Run 'pod install' or update your CocoaPods installation.\" >&2\n    exit 1\nfi\n# This output is used by Xcode 'outputs' to avoid re-running this script phase.\necho \"SUCCESS\" > \"${SCRIPT_OUTPUT_FILE_0}\"\n";
			showEnvVarsInLog = 0;
		};
		8ED8E1F98D7EF836248D402C /* [CP] Check Pods Manifest.lock */ = {
			isa = PBXShellScriptBuildPhase;
			buildActionMask = 2147483647;
			files = (
			);
			inputFileListPaths = (
			);
			inputPaths = (
				"${PODS_PODFILE_DIR_PATH}/Podfile.lock",
				"${PODS_ROOT}/Manifest.lock",
			);
			name = "[CP] Check Pods Manifest.lock";
			outputFileListPaths = (
			);
			outputPaths = (
				"$(DERIVED_FILE_DIR)/Pods-KakaoApp-checkManifestLockResult.txt",
			);
			runOnlyForDeploymentPostprocessing = 0;
			shellPath = /bin/sh;
			shellScript = "diff \"${PODS_PODFILE_DIR_PATH}/Podfile.lock\" \"${PODS_ROOT}/Manifest.lock\" > /dev/null\nif [ $? != 0 ] ; then\n    # print error to STDERR\n    echo \"error: The sandbox is not in sync with the Podfile.lock. Run 'pod install' or update your CocoaPods installation.\" >&2\n    exit 1\nfi\n# This output is used by Xcode 'outputs' to avoid re-running this script phase.\necho \"SUCCESS\" > \"${SCRIPT_OUTPUT_FILE_0}\"\n";
			showEnvVarsInLog = 0;
		};
		9922392D2289777300A2B76A /* ShellScript */ = {
			isa = PBXShellScriptBuildPhase;
			buildActionMask = 2147483647;
			files = (
			);
			inputFileListPaths = (
			);
			inputPaths = (
			);
			outputFileListPaths = (
			);
			outputPaths = (
			);
			runOnlyForDeploymentPostprocessing = 0;
			shellPath = /bin/sh;
			shellScript = "${PODS_ROOT}/SwiftLint/swiftlint\n";
		};
		A93FE26C889AC6116D7BEC34 /* [CP] Embed Pods Frameworks */ = {
			isa = PBXShellScriptBuildPhase;
			buildActionMask = 2147483647;
			files = (
			);
			inputFileListPaths = (
			);
			inputPaths = (
				"${PODS_ROOT}/Target Support Files/Pods-KakaoApp/Pods-KakaoApp-frameworks.sh",
				"${BUILT_PRODUCTS_DIR}/Alamofire/Alamofire.framework",
				"${BUILT_PRODUCTS_DIR}/Kanna/Kanna.framework",
				"${BUILT_PRODUCTS_DIR}/ReactorKit/ReactorKit.framework",
				"${BUILT_PRODUCTS_DIR}/RxAlamofire/RxAlamofire.framework",
				"${BUILT_PRODUCTS_DIR}/RxAtomic/RxAtomic.framework",
				"${BUILT_PRODUCTS_DIR}/RxBlocking/RxBlocking.framework",
				"${BUILT_PRODUCTS_DIR}/RxCocoa/RxCocoa.framework",
				"${BUILT_PRODUCTS_DIR}/RxSwift/RxSwift.framework",
				"${BUILT_PRODUCTS_DIR}/RxViewController/RxViewController.framework",
				"${BUILT_PRODUCTS_DIR}/SnapKit/SnapKit.framework",
				"${BUILT_PRODUCTS_DIR}/Swinject/Swinject.framework",
				"${BUILT_PRODUCTS_DIR}/SwinjectStoryboard/SwinjectStoryboard.framework",
			);
			name = "[CP] Embed Pods Frameworks";
			outputFileListPaths = (
			);
			outputPaths = (
				"${TARGET_BUILD_DIR}/${FRAMEWORKS_FOLDER_PATH}/Alamofire.framework",
				"${TARGET_BUILD_DIR}/${FRAMEWORKS_FOLDER_PATH}/Kanna.framework",
				"${TARGET_BUILD_DIR}/${FRAMEWORKS_FOLDER_PATH}/ReactorKit.framework",
				"${TARGET_BUILD_DIR}/${FRAMEWORKS_FOLDER_PATH}/RxAlamofire.framework",
				"${TARGET_BUILD_DIR}/${FRAMEWORKS_FOLDER_PATH}/RxAtomic.framework",
				"${TARGET_BUILD_DIR}/${FRAMEWORKS_FOLDER_PATH}/RxBlocking.framework",
				"${TARGET_BUILD_DIR}/${FRAMEWORKS_FOLDER_PATH}/RxCocoa.framework",
				"${TARGET_BUILD_DIR}/${FRAMEWORKS_FOLDER_PATH}/RxSwift.framework",
				"${TARGET_BUILD_DIR}/${FRAMEWORKS_FOLDER_PATH}/RxViewController.framework",
				"${TARGET_BUILD_DIR}/${FRAMEWORKS_FOLDER_PATH}/SnapKit.framework",
				"${TARGET_BUILD_DIR}/${FRAMEWORKS_FOLDER_PATH}/Swinject.framework",
				"${TARGET_BUILD_DIR}/${FRAMEWORKS_FOLDER_PATH}/SwinjectStoryboard.framework",
			);
			runOnlyForDeploymentPostprocessing = 0;
			shellPath = /bin/sh;
			shellScript = "\"${PODS_ROOT}/Target Support Files/Pods-KakaoApp/Pods-KakaoApp-frameworks.sh\"\n";
			showEnvVarsInLog = 0;
		};
/* End PBXShellScriptBuildPhase section */

/* Begin PBXSourcesBuildPhase section */
		992239062289716400A2B76A /* Sources */ = {
			isa = PBXSourcesBuildPhase;
			buildActionMask = 2147483647;
			files = (
				9922393B228D454A00A2B76A /* GettyImageService.swift in Sources */,
				99223933228D403100A2B76A /* CompositionRoot.swift in Sources */,
				9922395F228D72ED00A2B76A /* ImageCache.swift in Sources */,
				992239102289716400A2B76A /* GalleryViewController.swift in Sources */,
				99223962228D78C000A2B76A /* ImageDownloadService.swift in Sources */,
				99223931228D339B00A2B76A /* GalleyImageCell.swift in Sources */,
				99223936228D408000A2B76A /* GalleryViewReactor.swift in Sources */,
				9922390E2289716400A2B76A /* AppDelegate.swift in Sources */,
				99223964228D798900A2B76A /* DownSamplingService.swift in Sources */,
				99223939228D449E00A2B76A /* GalleyImageService.swift in Sources */,
			);
			runOnlyForDeploymentPostprocessing = 0;
		};
		99223950228D603F00A2B76A /* Sources */ = {
			isa = PBXSourcesBuildPhase;
			buildActionMask = 2147483647;
			files = (
				99223957228D603F00A2B76A /* GettyImageServiceTests.swift in Sources */,
			);
			runOnlyForDeploymentPostprocessing = 0;
		};
/* End PBXSourcesBuildPhase section */

/* Begin PBXTargetDependency section */
		9922395A228D603F00A2B76A /* PBXTargetDependency */ = {
			isa = PBXTargetDependency;
			target = 992239092289716400A2B76A /* KakaoApp */;
			targetProxy = 99223959228D603F00A2B76A /* PBXContainerItemProxy */;
		};
/* End PBXTargetDependency section */

/* Begin PBXVariantGroup section */
		992239112289716400A2B76A /* Main.storyboard */ = {
			isa = PBXVariantGroup;
			children = (
				992239122289716400A2B76A /* Base */,
			);
			name = Main.storyboard;
			sourceTree = "<group>";
		};
		992239162289716800A2B76A /* LaunchScreen.storyboard */ = {
			isa = PBXVariantGroup;
			children = (
				992239172289716800A2B76A /* Base */,
			);
			name = LaunchScreen.storyboard;
			sourceTree = "<group>";
		};
/* End PBXVariantGroup section */

/* Begin XCBuildConfiguration section */
		992239252289716800A2B76A /* Debug */ = {
			isa = XCBuildConfiguration;
			buildSettings = {
				ALWAYS_SEARCH_USER_PATHS = NO;
				CLANG_ANALYZER_NONNULL = YES;
				CLANG_ANALYZER_NUMBER_OBJECT_CONVERSION = YES_AGGRESSIVE;
				CLANG_CXX_LANGUAGE_STANDARD = "gnu++14";
				CLANG_CXX_LIBRARY = "libc++";
				CLANG_ENABLE_MODULES = YES;
				CLANG_ENABLE_OBJC_ARC = YES;
				CLANG_ENABLE_OBJC_WEAK = YES;
				CLANG_WARN_BLOCK_CAPTURE_AUTORELEASING = YES;
				CLANG_WARN_BOOL_CONVERSION = YES;
				CLANG_WARN_COMMA = YES;
				CLANG_WARN_CONSTANT_CONVERSION = YES;
				CLANG_WARN_DEPRECATED_OBJC_IMPLEMENTATIONS = YES;
				CLANG_WARN_DIRECT_OBJC_ISA_USAGE = YES_ERROR;
				CLANG_WARN_DOCUMENTATION_COMMENTS = YES;
				CLANG_WARN_EMPTY_BODY = YES;
				CLANG_WARN_ENUM_CONVERSION = YES;
				CLANG_WARN_INFINITE_RECURSION = YES;
				CLANG_WARN_INT_CONVERSION = YES;
				CLANG_WARN_NON_LITERAL_NULL_CONVERSION = YES;
				CLANG_WARN_OBJC_IMPLICIT_RETAIN_SELF = YES;
				CLANG_WARN_OBJC_LITERAL_CONVERSION = YES;
				CLANG_WARN_OBJC_ROOT_CLASS = YES_ERROR;
				CLANG_WARN_RANGE_LOOP_ANALYSIS = YES;
				CLANG_WARN_STRICT_PROTOTYPES = YES;
				CLANG_WARN_SUSPICIOUS_MOVE = YES;
				CLANG_WARN_UNGUARDED_AVAILABILITY = YES_AGGRESSIVE;
				CLANG_WARN_UNREACHABLE_CODE = YES;
				CLANG_WARN__DUPLICATE_METHOD_MATCH = YES;
				CODE_SIGN_IDENTITY = "iPhone Developer";
				COPY_PHASE_STRIP = NO;
				DEBUG_INFORMATION_FORMAT = dwarf;
				ENABLE_STRICT_OBJC_MSGSEND = YES;
				ENABLE_TESTABILITY = YES;
				GCC_C_LANGUAGE_STANDARD = gnu11;
				GCC_DYNAMIC_NO_PIC = NO;
				GCC_NO_COMMON_BLOCKS = YES;
				GCC_OPTIMIZATION_LEVEL = 0;
				GCC_PREPROCESSOR_DEFINITIONS = (
					"DEBUG=1",
					"$(inherited)",
				);
				GCC_WARN_64_TO_32_BIT_CONVERSION = YES;
				GCC_WARN_ABOUT_RETURN_TYPE = YES_ERROR;
				GCC_WARN_UNDECLARED_SELECTOR = YES;
				GCC_WARN_UNINITIALIZED_AUTOS = YES_AGGRESSIVE;
				GCC_WARN_UNUSED_FUNCTION = YES;
				GCC_WARN_UNUSED_VARIABLE = YES;
				IPHONEOS_DEPLOYMENT_TARGET = 12.1;
				MTL_ENABLE_DEBUG_INFO = INCLUDE_SOURCE;
				MTL_FAST_MATH = YES;
				ONLY_ACTIVE_ARCH = YES;
				SDKROOT = iphoneos;
				SWIFT_ACTIVE_COMPILATION_CONDITIONS = DEBUG;
				SWIFT_OPTIMIZATION_LEVEL = "-Onone";
			};
			name = Debug;
		};
		992239262289716800A2B76A /* Release */ = {
			isa = XCBuildConfiguration;
			buildSettings = {
				ALWAYS_SEARCH_USER_PATHS = NO;
				CLANG_ANALYZER_NONNULL = YES;
				CLANG_ANALYZER_NUMBER_OBJECT_CONVERSION = YES_AGGRESSIVE;
				CLANG_CXX_LANGUAGE_STANDARD = "gnu++14";
				CLANG_CXX_LIBRARY = "libc++";
				CLANG_ENABLE_MODULES = YES;
				CLANG_ENABLE_OBJC_ARC = YES;
				CLANG_ENABLE_OBJC_WEAK = YES;
				CLANG_WARN_BLOCK_CAPTURE_AUTORELEASING = YES;
				CLANG_WARN_BOOL_CONVERSION = YES;
				CLANG_WARN_COMMA = YES;
				CLANG_WARN_CONSTANT_CONVERSION = YES;
				CLANG_WARN_DEPRECATED_OBJC_IMPLEMENTATIONS = YES;
				CLANG_WARN_DIRECT_OBJC_ISA_USAGE = YES_ERROR;
				CLANG_WARN_DOCUMENTATION_COMMENTS = YES;
				CLANG_WARN_EMPTY_BODY = YES;
				CLANG_WARN_ENUM_CONVERSION = YES;
				CLANG_WARN_INFINITE_RECURSION = YES;
				CLANG_WARN_INT_CONVERSION = YES;
				CLANG_WARN_NON_LITERAL_NULL_CONVERSION = YES;
				CLANG_WARN_OBJC_IMPLICIT_RETAIN_SELF = YES;
				CLANG_WARN_OBJC_LITERAL_CONVERSION = YES;
				CLANG_WARN_OBJC_ROOT_CLASS = YES_ERROR;
				CLANG_WARN_RANGE_LOOP_ANALYSIS = YES;
				CLANG_WARN_STRICT_PROTOTYPES = YES;
				CLANG_WARN_SUSPICIOUS_MOVE = YES;
				CLANG_WARN_UNGUARDED_AVAILABILITY = YES_AGGRESSIVE;
				CLANG_WARN_UNREACHABLE_CODE = YES;
				CLANG_WARN__DUPLICATE_METHOD_MATCH = YES;
				CODE_SIGN_IDENTITY = "iPhone Developer";
				COPY_PHASE_STRIP = NO;
				DEBUG_INFORMATION_FORMAT = "dwarf-with-dsym";
				ENABLE_NS_ASSERTIONS = NO;
				ENABLE_STRICT_OBJC_MSGSEND = YES;
				GCC_C_LANGUAGE_STANDARD = gnu11;
				GCC_NO_COMMON_BLOCKS = YES;
				GCC_WARN_64_TO_32_BIT_CONVERSION = YES;
				GCC_WARN_ABOUT_RETURN_TYPE = YES_ERROR;
				GCC_WARN_UNDECLARED_SELECTOR = YES;
				GCC_WARN_UNINITIALIZED_AUTOS = YES_AGGRESSIVE;
				GCC_WARN_UNUSED_FUNCTION = YES;
				GCC_WARN_UNUSED_VARIABLE = YES;
				IPHONEOS_DEPLOYMENT_TARGET = 12.1;
				MTL_ENABLE_DEBUG_INFO = NO;
				MTL_FAST_MATH = YES;
				SDKROOT = iphoneos;
				SWIFT_COMPILATION_MODE = wholemodule;
				SWIFT_OPTIMIZATION_LEVEL = "-O";
				VALIDATE_PRODUCT = YES;
			};
			name = Release;
		};
		992239282289716800A2B76A /* Debug */ = {
			isa = XCBuildConfiguration;
			baseConfigurationReference = 1575F050B5EB5A8089D45462 /* Pods-KakaoApp.debug.xcconfig */;
			buildSettings = {
				ASSETCATALOG_COMPILER_APPICON_NAME = AppIcon;
				CODE_SIGN_STYLE = Automatic;
				DEVELOPMENT_TEAM = 5ELQH5H3HB;
				INFOPLIST_FILE = "$(SRCROOT)/KakaoApp/SupportingFiles/Info.plist";
				IPHONEOS_DEPLOYMENT_TARGET = 12.1;
				LD_RUNPATH_SEARCH_PATHS = (
					"$(inherited)",
					"@executable_path/Frameworks",
				);
				PRODUCT_BUNDLE_IDENTIFIER = gonini.KakaoApp;
				PRODUCT_NAME = "$(TARGET_NAME)";
				SWIFT_VERSION = 4.2;
				TARGETED_DEVICE_FAMILY = "1,2";
			};
			name = Debug;
		};
		992239292289716800A2B76A /* Release */ = {
			isa = XCBuildConfiguration;
			baseConfigurationReference = 7DDD1F61742FA0413309A44C /* Pods-KakaoApp.release.xcconfig */;
			buildSettings = {
				ASSETCATALOG_COMPILER_APPICON_NAME = AppIcon;
				CODE_SIGN_STYLE = Automatic;
				DEVELOPMENT_TEAM = 5ELQH5H3HB;
				INFOPLIST_FILE = "$(SRCROOT)/KakaoApp/SupportingFiles/Info.plist";
				IPHONEOS_DEPLOYMENT_TARGET = 12.1;
				LD_RUNPATH_SEARCH_PATHS = (
					"$(inherited)",
					"@executable_path/Frameworks",
				);
				PRODUCT_BUNDLE_IDENTIFIER = gonini.KakaoApp;
				PRODUCT_NAME = "$(TARGET_NAME)";
				SWIFT_VERSION = 4.2;
				TARGETED_DEVICE_FAMILY = "1,2";
			};
			name = Release;
		};
		9922395C228D603F00A2B76A /* Debug */ = {
			isa = XCBuildConfiguration;
			baseConfigurationReference = 51F4F1E892F04B3778A186DB /* Pods-KakaoAppTests.debug.xcconfig */;
			buildSettings = {
				BUNDLE_LOADER = "$(TEST_HOST)";
				CODE_SIGN_STYLE = Automatic;
				DEVELOPMENT_TEAM = 5ELQH5H3HB;
				INFOPLIST_FILE = KakaoAppTests/Info.plist;
				LD_RUNPATH_SEARCH_PATHS = (
					"$(inherited)",
					"@executable_path/Frameworks",
					"@loader_path/Frameworks",
				);
				PRODUCT_BUNDLE_IDENTIFIER = gonini.KakaoAppTests;
				PRODUCT_NAME = "$(TARGET_NAME)";
				SWIFT_VERSION = 4.2;
				TARGETED_DEVICE_FAMILY = "1,2";
				TEST_HOST = "$(BUILT_PRODUCTS_DIR)/KakaoApp.app/KakaoApp";
			};
			name = Debug;
		};
		9922395D228D603F00A2B76A /* Release */ = {
			isa = XCBuildConfiguration;
			baseConfigurationReference = 0B9F446602EECD06FDA89B74 /* Pods-KakaoAppTests.release.xcconfig */;
			buildSettings = {
				BUNDLE_LOADER = "$(TEST_HOST)";
				CODE_SIGN_STYLE = Automatic;
				DEVELOPMENT_TEAM = 5ELQH5H3HB;
				INFOPLIST_FILE = KakaoAppTests/Info.plist;
				LD_RUNPATH_SEARCH_PATHS = (
					"$(inherited)",
					"@executable_path/Frameworks",
					"@loader_path/Frameworks",
				);
				PRODUCT_BUNDLE_IDENTIFIER = gonini.KakaoAppTests;
				PRODUCT_NAME = "$(TARGET_NAME)";
				SWIFT_VERSION = 4.2;
				TARGETED_DEVICE_FAMILY = "1,2";
				TEST_HOST = "$(BUILT_PRODUCTS_DIR)/KakaoApp.app/KakaoApp";
			};
			name = Release;
		};
/* End XCBuildConfiguration section */

/* Begin XCConfigurationList section */
		992239052289716400A2B76A /* Build configuration list for PBXProject "KakaoApp" */ = {
			isa = XCConfigurationList;
			buildConfigurations = (
				992239252289716800A2B76A /* Debug */,
				992239262289716800A2B76A /* Release */,
			);
			defaultConfigurationIsVisible = 0;
			defaultConfigurationName = Release;
		};
		992239272289716800A2B76A /* Build configuration list for PBXNativeTarget "KakaoApp" */ = {
			isa = XCConfigurationList;
			buildConfigurations = (
				992239282289716800A2B76A /* Debug */,
				992239292289716800A2B76A /* Release */,
			);
			defaultConfigurationIsVisible = 0;
			defaultConfigurationName = Release;
		};
		9922395B228D603F00A2B76A /* Build configuration list for PBXNativeTarget "KakaoAppTests" */ = {
			isa = XCConfigurationList;
			buildConfigurations = (
				9922395C228D603F00A2B76A /* Debug */,
				9922395D228D603F00A2B76A /* Release */,
			);
			defaultConfigurationIsVisible = 0;
			defaultConfigurationName = Release;
		};
/* End XCConfigurationList section */
	};
	rootObject = 992239022289716400A2B76A /* Project object */;
}
